
Microsoft Visual Studio Solution File, Format Version 12.00
# Visual Studio 15
VisualStudioVersion = 15.0.28307.329
MinimumVisualStudioVersion = 10.0.40219.1
Project("{8BC9CEB8-8B4A-11D0-8D11-00A0C91BC942}") = "TestVS", "TestVS\TestVS.vcxproj", "{E3D6AC90-E5F3-44C9-9D54-945BA2284CC9}"
EndProject
Global
	GlobalSection(SolutionConfigurationPlatforms) = preSolution
		Debug|x64 = Debug|x64
		Debug|x86 = Debug|x86
		Release|x64 = Release|x64
		Release|x86 = Release|x86
	EndGlobalSection
	GlobalSection(ProjectConfigurationPlatforms) = postSolution
		{E3D6AC90-E5F3-44C9-9D54-945BA2284CC9}.Debug|x64.ActiveCfg = Debug|x64
		{E3D6AC90-E5F3-44C9-9D54-945BA2284CC9}.Debug|x64.Build.0 = Debug|x64
		{E3D6AC90-E5F3-44C9-9D54-945BA2284CC9}.Debug|x86.ActiveCfg = Debug|Win32
		{E3D6AC90-E5F3-44C9-9D54-945BA2284CC9}.Debug|x86.Build.0 = Debug|Win32
		{E3D6AC90-E5F3-44C9-9D54-945BA2284CC9}.Release|x64.ActiveCfg = Release|x64
		{E3D6AC90-E5F3-44C9-9D54-945BA2284CC9}.Release|x64.Build.0 = Release|x64
		{E3D6AC90-E5F3-44C9-9D54-945BA2284CC9}.Release|x86.ActiveCfg = Release|Win32
		{E3D6AC90-E5F3-44C9-9D54-945BA2284CC9}.Release|x86.Build.0 = Release|Win32
	EndGlobalSection
	GlobalSection(SolutionProperties) = preSolution
		HideSolutionNode = FALSE
	EndGlobalSection
	GlobalSection(ExtensibilityGlobals) = postSolution
		SolutionGuid = {116D6E4B-6391-4397-8B77-D5B059CBEBAD}
	EndGlobalSection
EndGlobal
